// !$*UTF8*$!
{
	archiveVersion = 1;
	classes = {
	};
	objectVersion = 56;
	objects = {

/* Begin PBXBuildFile section */
		FA3BE9712B90629D004856BA /* AppDelegate.swift in Sources */ = {isa = PBXBuildFile; fileRef = FA3BE9702B90629D004856BA /* AppDelegate.swift */; };
		FA3BE9732B90629D004856BA /* SceneDelegate.swift in Sources */ = {isa = PBXBuildFile; fileRef = FA3BE9722B90629D004856BA /* SceneDelegate.swift */; };
		FA3BE9762B90629D004856BA /* LaunchScreen.storyboard in Resources */ = {isa = PBXBuildFile; fileRef = FA3BE9742B90629D004856BA /* LaunchScreen.storyboard */; };
		FA3BE9792B90629D004856BA /* Main.storyboard in Resources */ = {isa = PBXBuildFile; fileRef = FA3BE9772B90629D004856BA /* Main.storyboard */; };
		FA3BE9822B90629D004856BA /* AppDelegate.swift in Sources */ = {isa = PBXBuildFile; fileRef = FA3BE9812B90629D004856BA /* AppDelegate.swift */; };
		FA3BE9852B90629D004856BA /* Main.storyboard in Resources */ = {isa = PBXBuildFile; fileRef = FA3BE9832B90629D004856BA /* Main.storyboard */; };
		FA3BE98D2B90629D004856BA /* Indie Wiki Buddy Extension.appex in Embed Foundation Extensions */ = {isa = PBXBuildFile; fileRef = FA3BE98C2B90629D004856BA /* Indie Wiki Buddy Extension.appex */; settings = {ATTRIBUTES = (RemoveHeadersOnCopy, ); }; };
		FA3BE9972B90629D004856BA /* Indie Wiki Buddy Extension.appex in Embed Foundation Extensions */ = {isa = PBXBuildFile; fileRef = FA3BE9962B90629D004856BA /* Indie Wiki Buddy Extension.appex */; settings = {ATTRIBUTES = (RemoveHeadersOnCopy, ); }; };
		FA3BE99D2B90629D004856BA /* Main.html in Resources */ = {isa = PBXBuildFile; fileRef = FA3BE9602B90629B004856BA /* Main.html */; };
		FA3BE99E2B90629D004856BA /* Main.html in Resources */ = {isa = PBXBuildFile; fileRef = FA3BE9602B90629B004856BA /* Main.html */; };
		FA3BE99F2B90629D004856BA /* Icon.png in Resources */ = {isa = PBXBuildFile; fileRef = FA3BE9622B90629B004856BA /* Icon.png */; };
		FA3BE9A02B90629D004856BA /* Icon.png in Resources */ = {isa = PBXBuildFile; fileRef = FA3BE9622B90629B004856BA /* Icon.png */; };
		FA3BE9A12B90629D004856BA /* Style.css in Resources */ = {isa = PBXBuildFile; fileRef = FA3BE9632B90629B004856BA /* Style.css */; };
		FA3BE9A22B90629D004856BA /* Style.css in Resources */ = {isa = PBXBuildFile; fileRef = FA3BE9632B90629B004856BA /* Style.css */; };
		FA3BE9A32B90629D004856BA /* Script.js in Resources */ = {isa = PBXBuildFile; fileRef = FA3BE9642B90629B004856BA /* Script.js */; };
		FA3BE9A42B90629D004856BA /* Script.js in Resources */ = {isa = PBXBuildFile; fileRef = FA3BE9642B90629B004856BA /* Script.js */; };
		FA3BE9A52B90629D004856BA /* ViewController.swift in Sources */ = {isa = PBXBuildFile; fileRef = FA3BE9652B90629B004856BA /* ViewController.swift */; };
		FA3BE9A62B90629D004856BA /* ViewController.swift in Sources */ = {isa = PBXBuildFile; fileRef = FA3BE9652B90629B004856BA /* ViewController.swift */; };
		FA3BE9A72B90629D004856BA /* Assets.xcassets in Resources */ = {isa = PBXBuildFile; fileRef = FA3BE9662B90629D004856BA /* Assets.xcassets */; };
		FA3BE9A82B90629D004856BA /* Assets.xcassets in Resources */ = {isa = PBXBuildFile; fileRef = FA3BE9662B90629D004856BA /* Assets.xcassets */; };
		FA3BE9A92B90629D004856BA /* SafariWebExtensionHandler.swift in Sources */ = {isa = PBXBuildFile; fileRef = FA3BE9682B90629D004856BA /* SafariWebExtensionHandler.swift */; };
		FA3BE9AA2B90629D004856BA /* SafariWebExtensionHandler.swift in Sources */ = {isa = PBXBuildFile; fileRef = FA3BE9682B90629D004856BA /* SafariWebExtensionHandler.swift */; };
		FA3BE9C62B90629D004856BA /* favicons in Resources */ = {isa = PBXBuildFile; fileRef = FA3BE9BC2B90629D004856BA /* favicons */; };
		FA3BE9C72B90629D004856BA /* LICENSE in Resources */ = {isa = PBXBuildFile; fileRef = FA3BE9BD2B90629D004856BA /* LICENSE */; };
		FA3BE9C82B90629D004856BA /* background.js in Resources */ = {isa = PBXBuildFile; fileRef = FA3BE9BE2B90629D004856BA /* background.js */; };
		FA3BE9C92B90629D004856BA /* images in Resources */ = {isa = PBXBuildFile; fileRef = FA3BE9BF2B90629D004856BA /* images */; };
		FA3BE9CA2B90629D004856BA /* README.md in Resources */ = {isa = PBXBuildFile; fileRef = FA3BE9C02B90629D004856BA /* README.md */; };
		FA3BE9CB2B90629D004856BA /* scripts in Resources */ = {isa = PBXBuildFile; fileRef = FA3BE9C12B90629D004856BA /* scripts */; };
		FA3BE9CC2B90629D004856BA /* manifest.json in Resources */ = {isa = PBXBuildFile; fileRef = FA3BE9C22B90629D004856BA /* manifest.json */; };
		FA3BE9CE2B90629D004856BA /* data in Resources */ = {isa = PBXBuildFile; fileRef = FA3BE9C42B90629D004856BA /* data */; };
		FA3BE9CF2B90629D004856BA /* pages in Resources */ = {isa = PBXBuildFile; fileRef = FA3BE9C52B90629D004856BA /* pages */; };
		FA3BE9D02B90629D004856BA /* favicons in Resources */ = {isa = PBXBuildFile; fileRef = FA3BE9BC2B90629D004856BA /* favicons */; };
		FA3BE9D12B90629D004856BA /* LICENSE in Resources */ = {isa = PBXBuildFile; fileRef = FA3BE9BD2B90629D004856BA /* LICENSE */; };
		FA3BE9D22B90629D004856BA /* background.js in Resources */ = {isa = PBXBuildFile; fileRef = FA3BE9BE2B90629D004856BA /* background.js */; };
		FA3BE9D32B90629D004856BA /* images in Resources */ = {isa = PBXBuildFile; fileRef = FA3BE9BF2B90629D004856BA /* images */; };
		FA3BE9D42B90629D004856BA /* README.md in Resources */ = {isa = PBXBuildFile; fileRef = FA3BE9C02B90629D004856BA /* README.md */; };
		FA3BE9D52B90629D004856BA /* scripts in Resources */ = {isa = PBXBuildFile; fileRef = FA3BE9C12B90629D004856BA /* scripts */; };
		FA3BE9D62B90629D004856BA /* manifest.json in Resources */ = {isa = PBXBuildFile; fileRef = FA3BE9C22B90629D004856BA /* manifest.json */; };
		FA3BE9D82B90629D004856BA /* data in Resources */ = {isa = PBXBuildFile; fileRef = FA3BE9C42B90629D004856BA /* data */; };
		FA3BE9D92B90629D004856BA /* pages in Resources */ = {isa = PBXBuildFile; fileRef = FA3BE9C52B90629D004856BA /* pages */; };
		FA8AC1E72B907A4C0076177E /* IWBPermissions.png in Resources */ = {isa = PBXBuildFile; fileRef = FA8AC1E62B907A4C0076177E /* IWBPermissions.png */; };
		FA8AC1E82B907A4C0076177E /* IWBPermissions.png in Resources */ = {isa = PBXBuildFile; fileRef = FA8AC1E62B907A4C0076177E /* IWBPermissions.png */; };
/* End PBXBuildFile section */

/* Begin PBXContainerItemProxy section */
		FA3BE98E2B90629D004856BA /* PBXContainerItemProxy */ = {
			isa = PBXContainerItemProxy;
			containerPortal = FA3BE95A2B90629B004856BA /* Project object */;
			proxyType = 1;
			remoteGlobalIDString = FA3BE98B2B90629D004856BA;
			remoteInfo = "Indie Wiki Buddy Extension (iOS)";
		};
		FA3BE9982B90629D004856BA /* PBXContainerItemProxy */ = {
			isa = PBXContainerItemProxy;
			containerPortal = FA3BE95A2B90629B004856BA /* Project object */;
			proxyType = 1;
			remoteGlobalIDString = FA3BE9952B90629D004856BA;
			remoteInfo = "Indie Wiki Buddy Extension (macOS)";
		};
/* End PBXContainerItemProxy section */

/* Begin PBXCopyFilesBuildPhase section */
		FA3BE9B02B90629D004856BA /* Embed Foundation Extensions */ = {
			isa = PBXCopyFilesBuildPhase;
			buildActionMask = 2147483647;
			dstPath = "";
			dstSubfolderSpec = 13;
			files = (
				FA3BE98D2B90629D004856BA /* Indie Wiki Buddy Extension.appex in Embed Foundation Extensions */,
			);
			name = "Embed Foundation Extensions";
			runOnlyForDeploymentPostprocessing = 0;
		};
		FA3BE9B72B90629D004856BA /* Embed Foundation Extensions */ = {
			isa = PBXCopyFilesBuildPhase;
			buildActionMask = 2147483647;
			dstPath = "";
			dstSubfolderSpec = 13;
			files = (
				FA3BE9972B90629D004856BA /* Indie Wiki Buddy Extension.appex in Embed Foundation Extensions */,
			);
			name = "Embed Foundation Extensions";
			runOnlyForDeploymentPostprocessing = 0;
		};
/* End PBXCopyFilesBuildPhase section */

/* Begin PBXFileReference section */
		FA3BE9612B90629B004856BA /* Base */ = {isa = PBXFileReference; lastKnownFileType = text.html; name = Base; path = ../Base.lproj/Main.html; sourceTree = "<group>"; };
		FA3BE9622B90629B004856BA /* Icon.png */ = {isa = PBXFileReference; lastKnownFileType = image.png; path = Icon.png; sourceTree = "<group>"; };
		FA3BE9632B90629B004856BA /* Style.css */ = {isa = PBXFileReference; lastKnownFileType = text.css; path = Style.css; sourceTree = "<group>"; };
		FA3BE9642B90629B004856BA /* Script.js */ = {isa = PBXFileReference; lastKnownFileType = sourcecode.javascript; path = Script.js; sourceTree = "<group>"; };
		FA3BE9652B90629B004856BA /* ViewController.swift */ = {isa = PBXFileReference; lastKnownFileType = sourcecode.swift; path = ViewController.swift; sourceTree = "<group>"; };
		FA3BE9662B90629D004856BA /* Assets.xcassets */ = {isa = PBXFileReference; lastKnownFileType = folder.assetcatalog; path = Assets.xcassets; sourceTree = "<group>"; };
		FA3BE9682B90629D004856BA /* SafariWebExtensionHandler.swift */ = {isa = PBXFileReference; lastKnownFileType = sourcecode.swift; path = SafariWebExtensionHandler.swift; sourceTree = "<group>"; };
		FA3BE96D2B90629D004856BA /* Indie Wiki Buddy.app */ = {isa = PBXFileReference; explicitFileType = wrapper.application; includeInIndex = 0; path = "Indie Wiki Buddy.app"; sourceTree = BUILT_PRODUCTS_DIR; };
		FA3BE9702B90629D004856BA /* AppDelegate.swift */ = {isa = PBXFileReference; lastKnownFileType = sourcecode.swift; path = AppDelegate.swift; sourceTree = "<group>"; };
		FA3BE9722B90629D004856BA /* SceneDelegate.swift */ = {isa = PBXFileReference; lastKnownFileType = sourcecode.swift; path = SceneDelegate.swift; sourceTree = "<group>"; };
		FA3BE9752B90629D004856BA /* Base */ = {isa = PBXFileReference; lastKnownFileType = file.storyboard; name = Base; path = Base.lproj/LaunchScreen.storyboard; sourceTree = "<group>"; };
		FA3BE9782B90629D004856BA /* Base */ = {isa = PBXFileReference; lastKnownFileType = file.storyboard; name = Base; path = Base.lproj/Main.storyboard; sourceTree = "<group>"; };
		FA3BE97A2B90629D004856BA /* Info.plist */ = {isa = PBXFileReference; lastKnownFileType = text.plist.xml; path = Info.plist; sourceTree = "<group>"; };
		FA3BE97F2B90629D004856BA /* Indie Wiki Buddy.app */ = {isa = PBXFileReference; explicitFileType = wrapper.application; includeInIndex = 0; path = "Indie Wiki Buddy.app"; sourceTree = BUILT_PRODUCTS_DIR; };
		FA3BE9812B90629D004856BA /* AppDelegate.swift */ = {isa = PBXFileReference; lastKnownFileType = sourcecode.swift; path = AppDelegate.swift; sourceTree = "<group>"; };
		FA3BE9842B90629D004856BA /* Base */ = {isa = PBXFileReference; lastKnownFileType = file.storyboard; name = Base; path = Base.lproj/Main.storyboard; sourceTree = "<group>"; };
		FA3BE9862B90629D004856BA /* Info.plist */ = {isa = PBXFileReference; lastKnownFileType = text.plist.xml; path = Info.plist; sourceTree = "<group>"; };
		FA3BE9872B90629D004856BA /* Indie Wiki Buddy.entitlements */ = {isa = PBXFileReference; lastKnownFileType = text.plist.entitlements; path = "Indie Wiki Buddy.entitlements"; sourceTree = "<group>"; };
		FA3BE98C2B90629D004856BA /* Indie Wiki Buddy Extension.appex */ = {isa = PBXFileReference; explicitFileType = "wrapper.app-extension"; includeInIndex = 0; path = "Indie Wiki Buddy Extension.appex"; sourceTree = BUILT_PRODUCTS_DIR; };
		FA3BE9912B90629D004856BA /* Info.plist */ = {isa = PBXFileReference; lastKnownFileType = text.plist.xml; path = Info.plist; sourceTree = "<group>"; };
		FA3BE9962B90629D004856BA /* Indie Wiki Buddy Extension.appex */ = {isa = PBXFileReference; explicitFileType = "wrapper.app-extension"; includeInIndex = 0; path = "Indie Wiki Buddy Extension.appex"; sourceTree = BUILT_PRODUCTS_DIR; };
		FA3BE99B2B90629D004856BA /* Info.plist */ = {isa = PBXFileReference; lastKnownFileType = text.plist.xml; path = Info.plist; sourceTree = "<group>"; };
		FA3BE99C2B90629D004856BA /* Indie Wiki Buddy.entitlements */ = {isa = PBXFileReference; lastKnownFileType = text.plist.entitlements; path = "Indie Wiki Buddy.entitlements"; sourceTree = "<group>"; };
		FA3BE9BC2B90629D004856BA /* favicons */ = {isa = PBXFileReference; lastKnownFileType = folder; name = favicons; path = ../../favicons; sourceTree = "<group>"; };
		FA3BE9BD2B90629D004856BA /* LICENSE */ = {isa = PBXFileReference; lastKnownFileType = text; name = LICENSE; path = ../../LICENSE; sourceTree = "<group>"; };
		FA3BE9BE2B90629D004856BA /* background.js */ = {isa = PBXFileReference; lastKnownFileType = sourcecode.javascript; name = background.js; path = ../../background.js; sourceTree = "<group>"; };
		FA3BE9BF2B90629D004856BA /* images */ = {isa = PBXFileReference; lastKnownFileType = folder; name = images; path = ../../images; sourceTree = "<group>"; };
		FA3BE9C02B90629D004856BA /* README.md */ = {isa = PBXFileReference; lastKnownFileType = net.daringfireball.markdown; name = README.md; path = ../../README.md; sourceTree = "<group>"; };
		FA3BE9C12B90629D004856BA /* scripts */ = {isa = PBXFileReference; lastKnownFileType = folder; name = scripts; path = ../../scripts; sourceTree = "<group>"; };
		FA3BE9C22B90629D004856BA /* manifest.json */ = {isa = PBXFileReference; lastKnownFileType = text.json; name = manifest.json; path = ../../manifest.json; sourceTree = "<group>"; };
		FA3BE9C42B90629D004856BA /* data */ = {isa = PBXFileReference; lastKnownFileType = folder; name = data; path = ../../data; sourceTree = "<group>"; };
		FA3BE9C52B90629D004856BA /* pages */ = {isa = PBXFileReference; lastKnownFileType = folder; name = pages; path = ../../pages; sourceTree = "<group>"; };
		FA8AC1E62B907A4C0076177E /* IWBPermissions.png */ = {isa = PBXFileReference; lastKnownFileType = image.png; path = IWBPermissions.png; sourceTree = "<group>"; };
/* End PBXFileReference section */

/* Begin PBXFrameworksBuildPhase section */
		FA3BE96A2B90629D004856BA /* Frameworks */ = {
			isa = PBXFrameworksBuildPhase;
			buildActionMask = 2147483647;
			files = (
			);
			runOnlyForDeploymentPostprocessing = 0;
		};
		FA3BE97C2B90629D004856BA /* Frameworks */ = {
			isa = PBXFrameworksBuildPhase;
			buildActionMask = 2147483647;
			files = (
			);
			runOnlyForDeploymentPostprocessing = 0;
		};
		FA3BE9892B90629D004856BA /* Frameworks */ = {
			isa = PBXFrameworksBuildPhase;
			buildActionMask = 2147483647;
			files = (
			);
			runOnlyForDeploymentPostprocessing = 0;
		};
		FA3BE9932B90629D004856BA /* Frameworks */ = {
			isa = PBXFrameworksBuildPhase;
			buildActionMask = 2147483647;
			files = (
			);
			runOnlyForDeploymentPostprocessing = 0;
		};
/* End PBXFrameworksBuildPhase section */

/* Begin PBXGroup section */
		FA3BE9592B90629B004856BA = {
			isa = PBXGroup;
			children = (
				FA3BE95E2B90629B004856BA /* Shared (App) */,
				FA3BE9672B90629D004856BA /* Shared (Extension) */,
				FA3BE96F2B90629D004856BA /* iOS (App) */,
				FA3BE9802B90629D004856BA /* macOS (App) */,
				FA3BE9902B90629D004856BA /* iOS (Extension) */,
				FA3BE99A2B90629D004856BA /* macOS (Extension) */,
				FA3BE96E2B90629D004856BA /* Products */,
			);
			sourceTree = "<group>";
		};
		FA3BE95E2B90629B004856BA /* Shared (App) */ = {
			isa = PBXGroup;
			children = (
				FA3BE9652B90629B004856BA /* ViewController.swift */,
				FA3BE9662B90629D004856BA /* Assets.xcassets */,
				FA3BE95F2B90629B004856BA /* Resources */,
			);
			path = "Shared (App)";
			sourceTree = "<group>";
		};
		FA3BE95F2B90629B004856BA /* Resources */ = {
			isa = PBXGroup;
			children = (
				FA3BE9602B90629B004856BA /* Main.html */,
				FA8AC1E62B907A4C0076177E /* IWBPermissions.png */,
				FA3BE9622B90629B004856BA /* Icon.png */,
				FA3BE9632B90629B004856BA /* Style.css */,
				FA3BE9642B90629B004856BA /* Script.js */,
			);
			path = Resources;
			sourceTree = "<group>";
		};
		FA3BE9672B90629D004856BA /* Shared (Extension) */ = {
			isa = PBXGroup;
			children = (
				FA3BE9BB2B90629D004856BA /* Resources */,
				FA3BE9682B90629D004856BA /* SafariWebExtensionHandler.swift */,
			);
			path = "Shared (Extension)";
			sourceTree = "<group>";
		};
		FA3BE96E2B90629D004856BA /* Products */ = {
			isa = PBXGroup;
			children = (
				FA3BE96D2B90629D004856BA /* Indie Wiki Buddy.app */,
				FA3BE97F2B90629D004856BA /* Indie Wiki Buddy.app */,
				FA3BE98C2B90629D004856BA /* Indie Wiki Buddy Extension.appex */,
				FA3BE9962B90629D004856BA /* Indie Wiki Buddy Extension.appex */,
			);
			name = Products;
			sourceTree = "<group>";
		};
		FA3BE96F2B90629D004856BA /* iOS (App) */ = {
			isa = PBXGroup;
			children = (
				FA3BE9702B90629D004856BA /* AppDelegate.swift */,
				FA3BE9722B90629D004856BA /* SceneDelegate.swift */,
				FA3BE9742B90629D004856BA /* LaunchScreen.storyboard */,
				FA3BE9772B90629D004856BA /* Main.storyboard */,
				FA3BE97A2B90629D004856BA /* Info.plist */,
			);
			path = "iOS (App)";
			sourceTree = "<group>";
		};
		FA3BE9802B90629D004856BA /* macOS (App) */ = {
			isa = PBXGroup;
			children = (
				FA3BE9812B90629D004856BA /* AppDelegate.swift */,
				FA3BE9832B90629D004856BA /* Main.storyboard */,
				FA3BE9862B90629D004856BA /* Info.plist */,
				FA3BE9872B90629D004856BA /* Indie Wiki Buddy.entitlements */,
			);
			path = "macOS (App)";
			sourceTree = "<group>";
		};
		FA3BE9902B90629D004856BA /* iOS (Extension) */ = {
			isa = PBXGroup;
			children = (
				FA3BE9912B90629D004856BA /* Info.plist */,
			);
			path = "iOS (Extension)";
			sourceTree = "<group>";
		};
		FA3BE99A2B90629D004856BA /* macOS (Extension) */ = {
			isa = PBXGroup;
			children = (
				FA3BE99B2B90629D004856BA /* Info.plist */,
				FA3BE99C2B90629D004856BA /* Indie Wiki Buddy.entitlements */,
			);
			path = "macOS (Extension)";
			sourceTree = "<group>";
		};
		FA3BE9BB2B90629D004856BA /* Resources */ = {
			isa = PBXGroup;
			children = (
				FA3BE9BC2B90629D004856BA /* favicons */,
				FA3BE9BD2B90629D004856BA /* LICENSE */,
				FA3BE9BE2B90629D004856BA /* background.js */,
				FA3BE9BF2B90629D004856BA /* images */,
				FA3BE9C02B90629D004856BA /* README.md */,
				FA3BE9C12B90629D004856BA /* scripts */,
				FA3BE9C22B90629D004856BA /* manifest.json */,
				FA3BE9C42B90629D004856BA /* data */,
				FA3BE9C52B90629D004856BA /* pages */,
			);
			name = Resources;
			path = "Shared (Extension)";
			sourceTree = SOURCE_ROOT;
		};
/* End PBXGroup section */

/* Begin PBXNativeTarget section */
		FA3BE96C2B90629D004856BA /* Indie Wiki Buddy (iOS) */ = {
			isa = PBXNativeTarget;
			buildConfigurationList = FA3BE9B12B90629D004856BA /* Build configuration list for PBXNativeTarget "Indie Wiki Buddy (iOS)" */;
			buildPhases = (
				FA3BE9692B90629D004856BA /* Sources */,
				FA3BE96A2B90629D004856BA /* Frameworks */,
				FA3BE96B2B90629D004856BA /* Resources */,
				FA3BE9B02B90629D004856BA /* Embed Foundation Extensions */,
			);
			buildRules = (
			);
			dependencies = (
				FA3BE98F2B90629D004856BA /* PBXTargetDependency */,
			);
			name = "Indie Wiki Buddy (iOS)";
			productName = "Indie Wiki Buddy (iOS)";
			productReference = FA3BE96D2B90629D004856BA /* Indie Wiki Buddy.app */;
			productType = "com.apple.product-type.application";
		};
		FA3BE97E2B90629D004856BA /* Indie Wiki Buddy (macOS) */ = {
			isa = PBXNativeTarget;
			buildConfigurationList = FA3BE9B82B90629D004856BA /* Build configuration list for PBXNativeTarget "Indie Wiki Buddy (macOS)" */;
			buildPhases = (
				FA3BE97B2B90629D004856BA /* Sources */,
				FA3BE97C2B90629D004856BA /* Frameworks */,
				FA3BE97D2B90629D004856BA /* Resources */,
				FA3BE9B72B90629D004856BA /* Embed Foundation Extensions */,
			);
			buildRules = (
			);
			dependencies = (
				FA3BE9992B90629D004856BA /* PBXTargetDependency */,
			);
			name = "Indie Wiki Buddy (macOS)";
			productName = "Indie Wiki Buddy (macOS)";
			productReference = FA3BE97F2B90629D004856BA /* Indie Wiki Buddy.app */;
			productType = "com.apple.product-type.application";
		};
		FA3BE98B2B90629D004856BA /* Indie Wiki Buddy Extension (iOS) */ = {
			isa = PBXNativeTarget;
			buildConfigurationList = FA3BE9AD2B90629D004856BA /* Build configuration list for PBXNativeTarget "Indie Wiki Buddy Extension (iOS)" */;
			buildPhases = (
				FA3BE9882B90629D004856BA /* Sources */,
				FA3BE9892B90629D004856BA /* Frameworks */,
				FA3BE98A2B90629D004856BA /* Resources */,
			);
			buildRules = (
			);
			dependencies = (
			);
			name = "Indie Wiki Buddy Extension (iOS)";
			productName = "Indie Wiki Buddy Extension (iOS)";
			productReference = FA3BE98C2B90629D004856BA /* Indie Wiki Buddy Extension.appex */;
			productType = "com.apple.product-type.app-extension";
		};
		FA3BE9952B90629D004856BA /* Indie Wiki Buddy Extension (macOS) */ = {
			isa = PBXNativeTarget;
			buildConfigurationList = FA3BE9B42B90629D004856BA /* Build configuration list for PBXNativeTarget "Indie Wiki Buddy Extension (macOS)" */;
			buildPhases = (
				FA3BE9922B90629D004856BA /* Sources */,
				FA3BE9932B90629D004856BA /* Frameworks */,
				FA3BE9942B90629D004856BA /* Resources */,
			);
			buildRules = (
			);
			dependencies = (
			);
			name = "Indie Wiki Buddy Extension (macOS)";
			productName = "Indie Wiki Buddy Extension (macOS)";
			productReference = FA3BE9962B90629D004856BA /* Indie Wiki Buddy Extension.appex */;
			productType = "com.apple.product-type.app-extension";
		};
/* End PBXNativeTarget section */

/* Begin PBXProject section */
		FA3BE95A2B90629B004856BA /* Project object */ = {
			isa = PBXProject;
			attributes = {
				BuildIndependentTargetsInParallel = 1;
				LastSwiftUpdateCheck = 1520;
				LastUpgradeCheck = 1520;
				TargetAttributes = {
					FA3BE96C2B90629D004856BA = {
						CreatedOnToolsVersion = 15.2;
					};
					FA3BE97E2B90629D004856BA = {
						CreatedOnToolsVersion = 15.2;
					};
					FA3BE98B2B90629D004856BA = {
						CreatedOnToolsVersion = 15.2;
					};
					FA3BE9952B90629D004856BA = {
						CreatedOnToolsVersion = 15.2;
					};
				};
			};
			buildConfigurationList = FA3BE95D2B90629B004856BA /* Build configuration list for PBXProject "Indie Wiki Buddy" */;
			compatibilityVersion = "Xcode 14.0";
			developmentRegion = en;
			hasScannedForEncodings = 0;
			knownRegions = (
				en,
				Base,
			);
			mainGroup = FA3BE9592B90629B004856BA;
			productRefGroup = FA3BE96E2B90629D004856BA /* Products */;
			projectDirPath = "";
			projectRoot = "";
			targets = (
				FA3BE96C2B90629D004856BA /* Indie Wiki Buddy (iOS) */,
				FA3BE97E2B90629D004856BA /* Indie Wiki Buddy (macOS) */,
				FA3BE98B2B90629D004856BA /* Indie Wiki Buddy Extension (iOS) */,
				FA3BE9952B90629D004856BA /* Indie Wiki Buddy Extension (macOS) */,
			);
		};
/* End PBXProject section */

/* Begin PBXResourcesBuildPhase section */
		FA3BE96B2B90629D004856BA /* Resources */ = {
			isa = PBXResourcesBuildPhase;
			buildActionMask = 2147483647;
			files = (
				FA3BE99F2B90629D004856BA /* Icon.png in Resources */,
				FA3BE9762B90629D004856BA /* LaunchScreen.storyboard in Resources */,
				FA3BE99D2B90629D004856BA /* Main.html in Resources */,
				FA8AC1E72B907A4C0076177E /* IWBPermissions.png in Resources */,
				FA3BE9A32B90629D004856BA /* Script.js in Resources */,
				FA3BE9A72B90629D004856BA /* Assets.xcassets in Resources */,
				FA3BE9792B90629D004856BA /* Main.storyboard in Resources */,
				FA3BE9A12B90629D004856BA /* Style.css in Resources */,
			);
			runOnlyForDeploymentPostprocessing = 0;
		};
		FA3BE97D2B90629D004856BA /* Resources */ = {
			isa = PBXResourcesBuildPhase;
			buildActionMask = 2147483647;
			files = (
				FA3BE9A02B90629D004856BA /* Icon.png in Resources */,
				FA3BE9A22B90629D004856BA /* Style.css in Resources */,
				FA3BE9852B90629D004856BA /* Main.storyboard in Resources */,
				FA3BE9A42B90629D004856BA /* Script.js in Resources */,
				FA8AC1E82B907A4C0076177E /* IWBPermissions.png in Resources */,
				FA3BE9A82B90629D004856BA /* Assets.xcassets in Resources */,
				FA3BE99E2B90629D004856BA /* Main.html in Resources */,
			);
			runOnlyForDeploymentPostprocessing = 0;
		};
		FA3BE98A2B90629D004856BA /* Resources */ = {
			isa = PBXResourcesBuildPhase;
			buildActionMask = 2147483647;
			files = (
				FA3BE9D32B90629D004856BA /* images in Resources */,
				FA3BE9D92B90629D004856BA /* pages in Resources */,
				FA3BE9D62B90629D004856BA /* manifest.json in Resources */,
				FA3BE9D12B90629D004856BA /* LICENSE in Resources */,
				FA3BE9D42B90629D004856BA /* README.md in Resources */,
				FA3BE9D82B90629D004856BA /* data in Resources */,
				FA3BE9D52B90629D004856BA /* scripts in Resources */,
				FA3BE9D22B90629D004856BA /* background.js in Resources */,
				FA3BE9D02B90629D004856BA /* favicons in Resources */,
			);
			runOnlyForDeploymentPostprocessing = 0;
		};
		FA3BE9942B90629D004856BA /* Resources */ = {
			isa = PBXResourcesBuildPhase;
			buildActionMask = 2147483647;
			files = (
				FA3BE9C92B90629D004856BA /* images in Resources */,
				FA3BE9CF2B90629D004856BA /* pages in Resources */,
				FA3BE9CC2B90629D004856BA /* manifest.json in Resources */,
				FA3BE9C72B90629D004856BA /* LICENSE in Resources */,
				FA3BE9CA2B90629D004856BA /* README.md in Resources */,
				FA3BE9CE2B90629D004856BA /* data in Resources */,
				FA3BE9CB2B90629D004856BA /* scripts in Resources */,
				FA3BE9C82B90629D004856BA /* background.js in Resources */,
				FA3BE9C62B90629D004856BA /* favicons in Resources */,
			);
			runOnlyForDeploymentPostprocessing = 0;
		};
/* End PBXResourcesBuildPhase section */

/* Begin PBXSourcesBuildPhase section */
		FA3BE9692B90629D004856BA /* Sources */ = {
			isa = PBXSourcesBuildPhase;
			buildActionMask = 2147483647;
			files = (
				FA3BE9A52B90629D004856BA /* ViewController.swift in Sources */,
				FA3BE9712B90629D004856BA /* AppDelegate.swift in Sources */,
				FA3BE9732B90629D004856BA /* SceneDelegate.swift in Sources */,
			);
			runOnlyForDeploymentPostprocessing = 0;
		};
		FA3BE97B2B90629D004856BA /* Sources */ = {
			isa = PBXSourcesBuildPhase;
			buildActionMask = 2147483647;
			files = (
				FA3BE9A62B90629D004856BA /* ViewController.swift in Sources */,
				FA3BE9822B90629D004856BA /* AppDelegate.swift in Sources */,
			);
			runOnlyForDeploymentPostprocessing = 0;
		};
		FA3BE9882B90629D004856BA /* Sources */ = {
			isa = PBXSourcesBuildPhase;
			buildActionMask = 2147483647;
			files = (
				FA3BE9A92B90629D004856BA /* SafariWebExtensionHandler.swift in Sources */,
			);
			runOnlyForDeploymentPostprocessing = 0;
		};
		FA3BE9922B90629D004856BA /* Sources */ = {
			isa = PBXSourcesBuildPhase;
			buildActionMask = 2147483647;
			files = (
				FA3BE9AA2B90629D004856BA /* SafariWebExtensionHandler.swift in Sources */,
			);
			runOnlyForDeploymentPostprocessing = 0;
		};
/* End PBXSourcesBuildPhase section */

/* Begin PBXTargetDependency section */
		FA3BE98F2B90629D004856BA /* PBXTargetDependency */ = {
			isa = PBXTargetDependency;
			target = FA3BE98B2B90629D004856BA /* Indie Wiki Buddy Extension (iOS) */;
			targetProxy = FA3BE98E2B90629D004856BA /* PBXContainerItemProxy */;
		};
		FA3BE9992B90629D004856BA /* PBXTargetDependency */ = {
			isa = PBXTargetDependency;
			target = FA3BE9952B90629D004856BA /* Indie Wiki Buddy Extension (macOS) */;
			targetProxy = FA3BE9982B90629D004856BA /* PBXContainerItemProxy */;
		};
/* End PBXTargetDependency section */

/* Begin PBXVariantGroup section */
		FA3BE9602B90629B004856BA /* Main.html */ = {
			isa = PBXVariantGroup;
			children = (
				FA3BE9612B90629B004856BA /* Base */,
			);
			name = Main.html;
			sourceTree = "<group>";
		};
		FA3BE9742B90629D004856BA /* LaunchScreen.storyboard */ = {
			isa = PBXVariantGroup;
			children = (
				FA3BE9752B90629D004856BA /* Base */,
			);
			name = LaunchScreen.storyboard;
			sourceTree = "<group>";
		};
		FA3BE9772B90629D004856BA /* Main.storyboard */ = {
			isa = PBXVariantGroup;
			children = (
				FA3BE9782B90629D004856BA /* Base */,
			);
			name = Main.storyboard;
			sourceTree = "<group>";
		};
		FA3BE9832B90629D004856BA /* Main.storyboard */ = {
			isa = PBXVariantGroup;
			children = (
				FA3BE9842B90629D004856BA /* Base */,
			);
			name = Main.storyboard;
			sourceTree = "<group>";
		};
/* End PBXVariantGroup section */

/* Begin XCBuildConfiguration section */
		FA3BE9AB2B90629D004856BA /* Debug */ = {
			isa = XCBuildConfiguration;
			buildSettings = {
				ALWAYS_SEARCH_USER_PATHS = NO;
				ASSETCATALOG_COMPILER_GENERATE_SWIFT_ASSET_SYMBOL_EXTENSIONS = YES;
				CLANG_ANALYZER_NONNULL = YES;
				CLANG_ANALYZER_NUMBER_OBJECT_CONVERSION = YES_AGGRESSIVE;
				CLANG_CXX_LANGUAGE_STANDARD = "gnu++20";
				CLANG_ENABLE_MODULES = YES;
				CLANG_ENABLE_OBJC_ARC = YES;
				CLANG_ENABLE_OBJC_WEAK = YES;
				CLANG_WARN_BLOCK_CAPTURE_AUTORELEASING = YES;
				CLANG_WARN_BOOL_CONVERSION = YES;
				CLANG_WARN_COMMA = YES;
				CLANG_WARN_CONSTANT_CONVERSION = YES;
				CLANG_WARN_DEPRECATED_OBJC_IMPLEMENTATIONS = YES;
				CLANG_WARN_DIRECT_OBJC_ISA_USAGE = YES_ERROR;
				CLANG_WARN_DOCUMENTATION_COMMENTS = YES;
				CLANG_WARN_EMPTY_BODY = YES;
				CLANG_WARN_ENUM_CONVERSION = YES;
				CLANG_WARN_INFINITE_RECURSION = YES;
				CLANG_WARN_INT_CONVERSION = YES;
				CLANG_WARN_NON_LITERAL_NULL_CONVERSION = YES;
				CLANG_WARN_OBJC_IMPLICIT_RETAIN_SELF = YES;
				CLANG_WARN_OBJC_LITERAL_CONVERSION = YES;
				CLANG_WARN_OBJC_ROOT_CLASS = YES_ERROR;
				CLANG_WARN_QUOTED_INCLUDE_IN_FRAMEWORK_HEADER = YES;
				CLANG_WARN_RANGE_LOOP_ANALYSIS = YES;
				CLANG_WARN_STRICT_PROTOTYPES = YES;
				CLANG_WARN_SUSPICIOUS_MOVE = YES;
				CLANG_WARN_UNGUARDED_AVAILABILITY = YES_AGGRESSIVE;
				CLANG_WARN_UNREACHABLE_CODE = YES;
				CLANG_WARN__DUPLICATE_METHOD_MATCH = YES;
				COPY_PHASE_STRIP = NO;
				DEBUG_INFORMATION_FORMAT = dwarf;
				ENABLE_STRICT_OBJC_MSGSEND = YES;
				ENABLE_TESTABILITY = YES;
				ENABLE_USER_SCRIPT_SANDBOXING = YES;
				GCC_C_LANGUAGE_STANDARD = gnu17;
				GCC_DYNAMIC_NO_PIC = NO;
				GCC_NO_COMMON_BLOCKS = YES;
				GCC_OPTIMIZATION_LEVEL = 0;
				GCC_PREPROCESSOR_DEFINITIONS = (
					"DEBUG=1",
					"$(inherited)",
				);
				GCC_WARN_64_TO_32_BIT_CONVERSION = YES;
				GCC_WARN_ABOUT_RETURN_TYPE = YES_ERROR;
				GCC_WARN_UNDECLARED_SELECTOR = YES;
				GCC_WARN_UNINITIALIZED_AUTOS = YES_AGGRESSIVE;
				GCC_WARN_UNUSED_FUNCTION = YES;
				GCC_WARN_UNUSED_VARIABLE = YES;
				LOCALIZATION_PREFERS_STRING_CATALOGS = YES;
				MTL_ENABLE_DEBUG_INFO = INCLUDE_SOURCE;
				MTL_FAST_MATH = YES;
				ONLY_ACTIVE_ARCH = YES;
				SWIFT_ACTIVE_COMPILATION_CONDITIONS = "DEBUG $(inherited)";
				SWIFT_OPTIMIZATION_LEVEL = "-Onone";
			};
			name = Debug;
		};
		FA3BE9AC2B90629D004856BA /* Release */ = {
			isa = XCBuildConfiguration;
			buildSettings = {
				ALWAYS_SEARCH_USER_PATHS = NO;
				ASSETCATALOG_COMPILER_GENERATE_SWIFT_ASSET_SYMBOL_EXTENSIONS = YES;
				CLANG_ANALYZER_NONNULL = YES;
				CLANG_ANALYZER_NUMBER_OBJECT_CONVERSION = YES_AGGRESSIVE;
				CLANG_CXX_LANGUAGE_STANDARD = "gnu++20";
				CLANG_ENABLE_MODULES = YES;
				CLANG_ENABLE_OBJC_ARC = YES;
				CLANG_ENABLE_OBJC_WEAK = YES;
				CLANG_WARN_BLOCK_CAPTURE_AUTORELEASING = YES;
				CLANG_WARN_BOOL_CONVERSION = YES;
				CLANG_WARN_COMMA = YES;
				CLANG_WARN_CONSTANT_CONVERSION = YES;
				CLANG_WARN_DEPRECATED_OBJC_IMPLEMENTATIONS = YES;
				CLANG_WARN_DIRECT_OBJC_ISA_USAGE = YES_ERROR;
				CLANG_WARN_DOCUMENTATION_COMMENTS = YES;
				CLANG_WARN_EMPTY_BODY = YES;
				CLANG_WARN_ENUM_CONVERSION = YES;
				CLANG_WARN_INFINITE_RECURSION = YES;
				CLANG_WARN_INT_CONVERSION = YES;
				CLANG_WARN_NON_LITERAL_NULL_CONVERSION = YES;
				CLANG_WARN_OBJC_IMPLICIT_RETAIN_SELF = YES;
				CLANG_WARN_OBJC_LITERAL_CONVERSION = YES;
				CLANG_WARN_OBJC_ROOT_CLASS = YES_ERROR;
				CLANG_WARN_QUOTED_INCLUDE_IN_FRAMEWORK_HEADER = YES;
				CLANG_WARN_RANGE_LOOP_ANALYSIS = YES;
				CLANG_WARN_STRICT_PROTOTYPES = YES;
				CLANG_WARN_SUSPICIOUS_MOVE = YES;
				CLANG_WARN_UNGUARDED_AVAILABILITY = YES_AGGRESSIVE;
				CLANG_WARN_UNREACHABLE_CODE = YES;
				CLANG_WARN__DUPLICATE_METHOD_MATCH = YES;
				COPY_PHASE_STRIP = NO;
				DEBUG_INFORMATION_FORMAT = "dwarf-with-dsym";
				ENABLE_NS_ASSERTIONS = NO;
				ENABLE_STRICT_OBJC_MSGSEND = YES;
				ENABLE_USER_SCRIPT_SANDBOXING = YES;
				GCC_C_LANGUAGE_STANDARD = gnu17;
				GCC_NO_COMMON_BLOCKS = YES;
				GCC_WARN_64_TO_32_BIT_CONVERSION = YES;
				GCC_WARN_ABOUT_RETURN_TYPE = YES_ERROR;
				GCC_WARN_UNDECLARED_SELECTOR = YES;
				GCC_WARN_UNINITIALIZED_AUTOS = YES_AGGRESSIVE;
				GCC_WARN_UNUSED_FUNCTION = YES;
				GCC_WARN_UNUSED_VARIABLE = YES;
				LOCALIZATION_PREFERS_STRING_CATALOGS = YES;
				MTL_ENABLE_DEBUG_INFO = NO;
				MTL_FAST_MATH = YES;
				SWIFT_COMPILATION_MODE = wholemodule;
			};
			name = Release;
		};
		FA3BE9AE2B90629D004856BA /* Debug */ = {
			isa = XCBuildConfiguration;
			buildSettings = {
				CODE_SIGN_STYLE = Automatic;
				CURRENT_PROJECT_VERSION = 1;
				GENERATE_INFOPLIST_FILE = YES;
				INFOPLIST_FILE = "iOS (Extension)/Info.plist";
				INFOPLIST_KEY_CFBundleDisplayName = "Indie Wiki Buddy Extension";
				INFOPLIST_KEY_NSHumanReadableCopyright = "";
				IPHONEOS_DEPLOYMENT_TARGET = 15.0;
				LD_RUNPATH_SEARCH_PATHS = (
					"$(inherited)",
					"@executable_path/Frameworks",
					"@executable_path/../../Frameworks",
				);
				MARKETING_VERSION = 1.0;
				OTHER_LDFLAGS = (
					"-framework",
					SafariServices,
				);
				PRODUCT_BUNDLE_IDENTIFIER = "dev.hamstro.Indie-Wiki-Buddy.Extension";
				PRODUCT_NAME = "Indie Wiki Buddy Extension";
				SDKROOT = iphoneos;
				SKIP_INSTALL = YES;
				SWIFT_EMIT_LOC_STRINGS = YES;
				SWIFT_VERSION = 5.0;
				TARGETED_DEVICE_FAMILY = "1,2";
			};
			name = Debug;
		};
		FA3BE9AF2B90629D004856BA /* Release */ = {
			isa = XCBuildConfiguration;
			buildSettings = {
				CODE_SIGN_STYLE = Automatic;
				CURRENT_PROJECT_VERSION = 1;
				GENERATE_INFOPLIST_FILE = YES;
				INFOPLIST_FILE = "iOS (Extension)/Info.plist";
				INFOPLIST_KEY_CFBundleDisplayName = "Indie Wiki Buddy Extension";
				INFOPLIST_KEY_NSHumanReadableCopyright = "";
				IPHONEOS_DEPLOYMENT_TARGET = 15.0;
				LD_RUNPATH_SEARCH_PATHS = (
					"$(inherited)",
					"@executable_path/Frameworks",
					"@executable_path/../../Frameworks",
				);
				MARKETING_VERSION = 1.0;
				OTHER_LDFLAGS = (
					"-framework",
					SafariServices,
				);
				PRODUCT_BUNDLE_IDENTIFIER = "dev.hamstro.Indie-Wiki-Buddy.Extension";
				PRODUCT_NAME = "Indie Wiki Buddy Extension";
				SDKROOT = iphoneos;
				SKIP_INSTALL = YES;
				SWIFT_EMIT_LOC_STRINGS = YES;
				SWIFT_VERSION = 5.0;
				TARGETED_DEVICE_FAMILY = "1,2";
				VALIDATE_PRODUCT = YES;
			};
			name = Release;
		};
		FA3BE9B22B90629D004856BA /* Debug */ = {
			isa = XCBuildConfiguration;
			buildSettings = {
				ALWAYS_EMBED_SWIFT_STANDARD_LIBRARIES = YES;
				ASSETCATALOG_COMPILER_APPICON_NAME = AppIcon;
				ASSETCATALOG_COMPILER_GLOBAL_ACCENT_COLOR_NAME = AccentColor;
				CODE_SIGN_STYLE = Automatic;
				CURRENT_PROJECT_VERSION = 1;
				GENERATE_INFOPLIST_FILE = YES;
				INFOPLIST_FILE = "iOS (App)/Info.plist";
				INFOPLIST_KEY_CFBundleDisplayName = "Indie Wiki Buddy";
				INFOPLIST_KEY_UIApplicationSceneManifest_Generation = NO;
				INFOPLIST_KEY_UIApplicationSupportsIndirectInputEvents = YES;
				INFOPLIST_KEY_UILaunchStoryboardName = LaunchScreen;
				INFOPLIST_KEY_UIMainStoryboardFile = Main;
				INFOPLIST_KEY_UISupportedInterfaceOrientations = "UIInterfaceOrientationPortrait UIInterfaceOrientationLandscapeLeft UIInterfaceOrientationLandscapeRight";
				INFOPLIST_KEY_UISupportedInterfaceOrientations_iPad = "UIInterfaceOrientationPortrait UIInterfaceOrientationPortraitUpsideDown UIInterfaceOrientationLandscapeLeft UIInterfaceOrientationLandscapeRight";
				IPHONEOS_DEPLOYMENT_TARGET = 17.0;
				LD_RUNPATH_SEARCH_PATHS = (
					"$(inherited)",
					"@executable_path/Frameworks",
				);
				MARKETING_VERSION = 1.0;
				OTHER_LDFLAGS = (
					"-framework",
					SafariServices,
					"-framework",
					WebKit,
				);
				PRODUCT_BUNDLE_IDENTIFIER = "dev.hamstro.Indie-Wiki-Buddy";
				PRODUCT_NAME = "Indie Wiki Buddy";
				SDKROOT = iphoneos;
				SWIFT_EMIT_LOC_STRINGS = YES;
				SWIFT_VERSION = 5.0;
				TARGETED_DEVICE_FAMILY = "1,2";
			};
			name = Debug;
		};
		FA3BE9B32B90629D004856BA /* Release */ = {
			isa = XCBuildConfiguration;
			buildSettings = {
				ALWAYS_EMBED_SWIFT_STANDARD_LIBRARIES = YES;
				ASSETCATALOG_COMPILER_APPICON_NAME = AppIcon;
				ASSETCATALOG_COMPILER_GLOBAL_ACCENT_COLOR_NAME = AccentColor;
				CODE_SIGN_STYLE = Automatic;
				CURRENT_PROJECT_VERSION = 1;
				GENERATE_INFOPLIST_FILE = YES;
				INFOPLIST_FILE = "iOS (App)/Info.plist";
				INFOPLIST_KEY_CFBundleDisplayName = "Indie Wiki Buddy";
				INFOPLIST_KEY_UIApplicationSceneManifest_Generation = NO;
				INFOPLIST_KEY_UIApplicationSupportsIndirectInputEvents = YES;
				INFOPLIST_KEY_UILaunchStoryboardName = LaunchScreen;
				INFOPLIST_KEY_UIMainStoryboardFile = Main;
				INFOPLIST_KEY_UISupportedInterfaceOrientations = "UIInterfaceOrientationPortrait UIInterfaceOrientationLandscapeLeft UIInterfaceOrientationLandscapeRight";
				INFOPLIST_KEY_UISupportedInterfaceOrientations_iPad = "UIInterfaceOrientationPortrait UIInterfaceOrientationPortraitUpsideDown UIInterfaceOrientationLandscapeLeft UIInterfaceOrientationLandscapeRight";
				IPHONEOS_DEPLOYMENT_TARGET = 17.0;
				LD_RUNPATH_SEARCH_PATHS = (
					"$(inherited)",
					"@executable_path/Frameworks",
				);
				MARKETING_VERSION = 1.0;
				OTHER_LDFLAGS = (
					"-framework",
					SafariServices,
					"-framework",
					WebKit,
				);
				PRODUCT_BUNDLE_IDENTIFIER = "dev.hamstro.Indie-Wiki-Buddy";
				PRODUCT_NAME = "Indie Wiki Buddy";
				SDKROOT = iphoneos;
				SWIFT_EMIT_LOC_STRINGS = YES;
				SWIFT_VERSION = 5.0;
				TARGETED_DEVICE_FAMILY = "1,2";
				VALIDATE_PRODUCT = YES;
			};
			name = Release;
		};
		FA3BE9B52B90629D004856BA /* Debug */ = {
			isa = XCBuildConfiguration;
			buildSettings = {
				CODE_SIGN_ENTITLEMENTS = "macOS (Extension)/Indie Wiki Buddy.entitlements";
				CODE_SIGN_STYLE = Automatic;
				CURRENT_PROJECT_VERSION = 1;
				ENABLE_HARDENED_RUNTIME = YES;
				GENERATE_INFOPLIST_FILE = YES;
				INFOPLIST_FILE = "macOS (Extension)/Info.plist";
				INFOPLIST_KEY_CFBundleDisplayName = "Indie Wiki Buddy Extension";
				INFOPLIST_KEY_NSHumanReadableCopyright = "";
				LD_RUNPATH_SEARCH_PATHS = (
					"$(inherited)",
					"@executable_path/../Frameworks",
					"@executable_path/../../../../Frameworks",
				);
				MACOSX_DEPLOYMENT_TARGET = 10.14;
				MARKETING_VERSION = 1.0;
				OTHER_LDFLAGS = (
					"-framework",
					SafariServices,
				);
				PRODUCT_BUNDLE_IDENTIFIER = "dev.hamstro.Indie-Wiki-Buddy.Extension";
				PRODUCT_NAME = "Indie Wiki Buddy Extension";
				SDKROOT = macosx;
				SKIP_INSTALL = YES;
				SWIFT_EMIT_LOC_STRINGS = YES;
				SWIFT_VERSION = 5.0;
			};
			name = Debug;
		};
		FA3BE9B62B90629D004856BA /* Release */ = {
			isa = XCBuildConfiguration;
			buildSettings = {
				CODE_SIGN_ENTITLEMENTS = "macOS (Extension)/Indie Wiki Buddy.entitlements";
				CODE_SIGN_STYLE = Automatic;
				CURRENT_PROJECT_VERSION = 1;
				ENABLE_HARDENED_RUNTIME = YES;
				GENERATE_INFOPLIST_FILE = YES;
				INFOPLIST_FILE = "macOS (Extension)/Info.plist";
				INFOPLIST_KEY_CFBundleDisplayName = "Indie Wiki Buddy Extension";
				INFOPLIST_KEY_NSHumanReadableCopyright = "";
				LD_RUNPATH_SEARCH_PATHS = (
					"$(inherited)",
					"@executable_path/../Frameworks",
					"@executable_path/../../../../Frameworks",
				);
				MACOSX_DEPLOYMENT_TARGET = 10.14;
				MARKETING_VERSION = 1.0;
				OTHER_LDFLAGS = (
					"-framework",
					SafariServices,
				);
				PRODUCT_BUNDLE_IDENTIFIER = "dev.hamstro.Indie-Wiki-Buddy.Extension";
				PRODUCT_NAME = "Indie Wiki Buddy Extension";
				SDKROOT = macosx;
				SKIP_INSTALL = YES;
				SWIFT_EMIT_LOC_STRINGS = YES;
				SWIFT_VERSION = 5.0;
			};
			name = Release;
		};
		FA3BE9B92B90629D004856BA /* Debug */ = {
			isa = XCBuildConfiguration;
			buildSettings = {
				ALWAYS_EMBED_SWIFT_STANDARD_LIBRARIES = YES;
				ASSETCATALOG_COMPILER_APPICON_NAME = AppIcon;
				ASSETCATALOG_COMPILER_GLOBAL_ACCENT_COLOR_NAME = AccentColor;
				CODE_SIGN_ENTITLEMENTS = "macOS (App)/Indie Wiki Buddy.entitlements";
				CODE_SIGN_STYLE = Automatic;
				CURRENT_PROJECT_VERSION = 1;
				ENABLE_HARDENED_RUNTIME = YES;
				GENERATE_INFOPLIST_FILE = YES;
				INFOPLIST_FILE = "macOS (App)/Info.plist";
				INFOPLIST_KEY_CFBundleDisplayName = "Indie Wiki Buddy";
				INFOPLIST_KEY_NSMainStoryboardFile = Main;
				INFOPLIST_KEY_NSPrincipalClass = NSApplication;
				LD_RUNPATH_SEARCH_PATHS = (
					"$(inherited)",
					"@executable_path/../Frameworks",
				);
				MACOSX_DEPLOYMENT_TARGET = 10.14;
				MARKETING_VERSION = 1.0;
				OTHER_LDFLAGS = (
					"-framework",
					SafariServices,
					"-framework",
					WebKit,
				);
				PRODUCT_BUNDLE_IDENTIFIER = "dev.hamstro.Indie-Wiki-Buddy";
				PRODUCT_NAME = "Indie Wiki Buddy";
				SDKROOT = macosx;
				SWIFT_EMIT_LOC_STRINGS = YES;
				SWIFT_VERSION = 5.0;
			};
			name = Debug;
		};
		FA3BE9BA2B90629D004856BA /* Release */ = {
			isa = XCBuildConfiguration;
			buildSettings = {
				ALWAYS_EMBED_SWIFT_STANDARD_LIBRARIES = YES;
				ASSETCATALOG_COMPILER_APPICON_NAME = AppIcon;
				ASSETCATALOG_COMPILER_GLOBAL_ACCENT_COLOR_NAME = AccentColor;
				CODE_SIGN_ENTITLEMENTS = "macOS (App)/Indie Wiki Buddy.entitlements";
				CODE_SIGN_STYLE = Automatic;
				CURRENT_PROJECT_VERSION = 1;
				ENABLE_HARDENED_RUNTIME = YES;
				GENERATE_INFOPLIST_FILE = YES;
				INFOPLIST_FILE = "macOS (App)/Info.plist";
				INFOPLIST_KEY_CFBundleDisplayName = "Indie Wiki Buddy";
				INFOPLIST_KEY_NSMainStoryboardFile = Main;
				INFOPLIST_KEY_NSPrincipalClass = NSApplication;
				LD_RUNPATH_SEARCH_PATHS = (
					"$(inherited)",
					"@executable_path/../Frameworks",
				);
				MACOSX_DEPLOYMENT_TARGET = 10.14;
				MARKETING_VERSION = 1.0;
				OTHER_LDFLAGS = (
					"-framework",
					SafariServices,
					"-framework",
					WebKit,
				);
				PRODUCT_BUNDLE_IDENTIFIER = "dev.hamstro.Indie-Wiki-Buddy";
				PRODUCT_NAME = "Indie Wiki Buddy";
				SDKROOT = macosx;
				SWIFT_EMIT_LOC_STRINGS = YES;
				SWIFT_VERSION = 5.0;
			};
			name = Release;
		};
/* End XCBuildConfiguration section */

/* Begin XCConfigurationList section */
		FA3BE95D2B90629B004856BA /* Build configuration list for PBXProject "Indie Wiki Buddy" */ = {
			isa = XCConfigurationList;
			buildConfigurations = (
				FA3BE9AB2B90629D004856BA /* Debug */,
				FA3BE9AC2B90629D004856BA /* Release */,
			);
			defaultConfigurationIsVisible = 0;
			defaultConfigurationName = Release;
		};
		FA3BE9AD2B90629D004856BA /* Build configuration list for PBXNativeTarget "Indie Wiki Buddy Extension (iOS)" */ = {
			isa = XCConfigurationList;
			buildConfigurations = (
				FA3BE9AE2B90629D004856BA /* Debug */,
				FA3BE9AF2B90629D004856BA /* Release */,
			);
			defaultConfigurationIsVisible = 0;
			defaultConfigurationName = Release;
		};
		FA3BE9B12B90629D004856BA /* Build configuration list for PBXNativeTarget "Indie Wiki Buddy (iOS)" */ = {
			isa = XCConfigurationList;
			buildConfigurations = (
				FA3BE9B22B90629D004856BA /* Debug */,
				FA3BE9B32B90629D004856BA /* Release */,
			);
			defaultConfigurationIsVisible = 0;
			defaultConfigurationName = Release;
		};
		FA3BE9B42B90629D004856BA /* Build configuration list for PBXNativeTarget "Indie Wiki Buddy Extension (macOS)" */ = {
			isa = XCConfigurationList;
			buildConfigurations = (
				FA3BE9B52B90629D004856BA /* Debug */,
				FA3BE9B62B90629D004856BA /* Release */,
			);
			defaultConfigurationIsVisible = 0;
			defaultConfigurationName = Release;
		};
		FA3BE9B82B90629D004856BA /* Build configuration list for PBXNativeTarget "Indie Wiki Buddy (macOS)" */ = {
			isa = XCConfigurationList;
			buildConfigurations = (
				FA3BE9B92B90629D004856BA /* Debug */,
				FA3BE9BA2B90629D004856BA /* Release */,
			);
			defaultConfigurationIsVisible = 0;
			defaultConfigurationName = Release;
		};
/* End XCConfigurationList section */
	};
	rootObject = FA3BE95A2B90629B004856BA /* Project object */;
}
